{"format_version":"0.1","terraform_version":"0.15.2","planned_values":{"root_module":{"resources":[{"address":"aws_cloudwatch_event_rule.auto_ec2_start_rule","mode":"managed","type":"aws_cloudwatch_event_rule","name":"auto_ec2_start_rule","provider_name":"registry.terraform.io/hashicorp/aws","schema_version":1,"values":{"description":"Start EC2 nodes at 2:30 from Monday to friday","event_bus_name":"default","event_pattern":null,"is_enabled":null,"name":"StartEC2Instances","role_arn":null,"schedule_expression":"cron(30 3 ? * 2-6 *)","state":null,"tags":null}},{"address":"aws_cloudwatch_event_rule.auto_ec2_stop_rule","mode":"managed","type":"aws_cloudwatch_event_rule","name":"auto_ec2_stop_rule","provider_name":"registry.terraform.io/hashicorp/aws","schema_version":1,"values":{"description":"Stop EC2 nodes at 11:30 from Monday to friday","event_bus_name":"default","event_pattern":null,"is_enabled":null,"name":"AutoStopEC2Instances","role_arn":null,"schedule_expression":"cron(30 11 ? * 2-6 *)","state":null,"tags":null}},{"address":"aws_cloudwatch_event_target.auto_ec2_start_rule_target","mode":"managed","type":"aws_cloudwatch_event_target","name":"auto_ec2_start_rule_target","provider_name":"registry.terraform.io/hashicorp/aws","schema_version":1,"values":{"batch_target":[],"dead_letter_config":[],"ecs_target":[],"event_bus_name":"default","http_target":[],"input":null,"input_path":null,"input_transformer":[],"kinesis_target":[],"redshift_target":[],"retry_policy":[],"role_arn":null,"rule":"StartEC2Instances","run_command_targets":[],"sagemaker_pipeline_target":[],"sqs_target":[]}},{"address":"aws_cloudwatch_event_target.auto_ec2_stop_rule_target","mode":"managed","type":"aws_cloudwatch_event_target","name":"auto_ec2_stop_rule_target","provider_name":"registry.terraform.io/hashicorp/aws","schema_version":1,"values":{"batch_target":[],"dead_letter_config":[],"ecs_target":[],"event_bus_name":"default","http_target":[],"input":null,"input_path":null,"input_transformer":[],"kinesis_target":[],"redshift_target":[],"retry_policy":[],"role_arn":null,"rule":"AutoStopEC2Instances","run_command_targets":[],"sagemaker_pipeline_target":[],"sqs_target":[]}},{"address":"aws_iam_policy.auto_start_stop_ec2_policy","mode":"managed","type":"aws_iam_policy","name":"auto_start_stop_ec2_policy","provider_name":"registry.terraform.io/hashicorp/aws","schema_version":0,"values":{"description":"IAM policy for stop and start EC2 from a lambda","name":"AutoStartStopEC2Policy","path":"/","policy":"{\"Statement\":[{\"Action\":[\"logs:CreateLogGroup\",\"logs:CreateLogStream\",\"logs:PutLogEvents\"],\"Effect\":\"Allow\",\"Resource\":\"arn:aws:logs:*:*:*\"},{\"Action\":[\"ec2:Start*\",\"ec2:Stop*\",\"ec2:DescribeInstances*\"],\"Effect\":\"Allow\",\"Resource\":\"*\"}],\"Version\":\"2012-10-17\"}","tags":null}},{"address":"aws_iam_role.auto_start_stop_ec2_role","mode":"managed","type":"aws_iam_role","name":"auto_start_stop_ec2_role","provider_name":"registry.terraform.io/hashicorp/aws","schema_version":0,"values":{"assume_role_policy":"{\"Statement\":[{\"Action\":\"sts:AssumeRole\",\"Effect\":\"Allow\",\"Principal\":{\"Service\":\"lambda.amazonaws.com\"},\"Sid\":\"\"}],\"Version\":\"2012-10-17\"}","description":null,"force_detach_policies":false,"max_session_duration":3600,"name":"AutoStartStopEC2Role","path":"/","permissions_boundary":null,"tags":null}},{"address":"aws_iam_role_policy_attachment.lambda_role_policy","mode":"managed","type":"aws_iam_role_policy_attachment","name":"lambda_role_policy","provider_name":"registry.terraform.io/hashicorp/aws","schema_version":0,"values":{"role":"AutoStartStopEC2Role"}},{"address":"aws_lambda_function.auto_start_ec2_lambda","mode":"managed","type":"aws_lambda_function","name":"auto_start_ec2_lambda","provider_name":"registry.terraform.io/hashicorp/aws","schema_version":0,"values":{"code_signing_config_arn":null,"dead_letter_config":[],"description":null,"environment":[],"file_system_config":[],"filename":"ec2_lambda_handler.zip","function_name":"autoStartEC2Lambda","handler":"ec2_lambda_handler.start","image_config":[],"image_uri":null,"kms_key_arn":null,"layers":null,"memory_size":250,"package_type":"Zip","publish":false,"replace_security_groups_on_destroy":null,"replacement_security_group_ids":null,"reserved_concurrent_executions":-1,"runtime":"python3.12","s3_bucket":null,"s3_key":null,"s3_object_version":null,"skip_destroy":false,"snap_start":[],"source_code_hash":"wjUCuZIudbmTDVuBz2mFUmyUdyA2BNw7uF5H8toj0s4=","tags":null,"timeout":60,"timeouts":null,"vpc_config":[]}},{"address":"aws_lambda_function.auto_stop_ec2_lambda","mode":"managed","type":"aws_lambda_function","name":"auto_stop_ec2_lambda","provider_name":"registry.terraform.io/hashicorp/aws","schema_version":0,"values":{"code_signing_config_arn":null,"dead_letter_config":[],"description":null,"environment":[],"file_system_config":[],"filename":"ec2_lambda_handler.zip","function_name":"autoStopEC2Lambda","handler":"ec2_lambda_handler.stop","image_config":[],"image_uri":null,"kms_key_arn":null,"layers":null,"memory_size":250,"package_type":"Zip","publish":false,"replace_security_groups_on_destroy":null,"replacement_security_group_ids":null,"reserved_concurrent_executions":-1,"runtime":"python3.12","s3_bucket":null,"s3_key":null,"s3_object_version":null,"skip_destroy":false,"snap_start":[],"source_code_hash":"wjUCuZIudbmTDVuBz2mFUmyUdyA2BNw7uF5H8toj0s4=","tags":null,"timeout":60,"timeouts":null,"vpc_config":[]}},{"address":"aws_lambda_permission.allow_cloudwatch_start","mode":"managed","type":"aws_lambda_permission","name":"allow_cloudwatch_start","provider_name":"registry.terraform.io/hashicorp/aws","schema_version":0,"values":{"action":"lambda:InvokeFunction","event_source_token":null,"function_name":"autoStartEC2Lambda","function_url_auth_type":null,"principal":"events.amazonaws.com","principal_org_id":null,"qualifier":null,"source_account":null,"source_arn":null,"statement_id":"AllowExecutionFromCloudWatch"}},{"address":"aws_lambda_permission.allow_cloudwatch_stop","mode":"managed","type":"aws_lambda_permission","name":"allow_cloudwatch_stop","provider_name":"registry.terraform.io/hashicorp/aws","schema_version":0,"values":{"action":"lambda:InvokeFunction","event_source_token":null,"function_name":"autoStopEC2Lambda","function_url_auth_type":null,"principal":"events.amazonaws.com","principal_org_id":null,"qualifier":null,"source_account":null,"source_arn":null,"statement_id":"AllowExecutionFromCloudWatch"}}]}},"resource_changes":[{"address":"aws_cloudwatch_event_rule.auto_ec2_start_rule","mode":"managed","type":"aws_cloudwatch_event_rule","name":"auto_ec2_start_rule","provider_name":"registry.terraform.io/hashicorp/aws","change":{"actions":["create"],"before":null,"after":{"description":"Start EC2 nodes at 2:30 from Monday to friday","event_bus_name":"default","event_pattern":null,"is_enabled":null,"name":"StartEC2Instances","role_arn":null,"schedule_expression":"cron(30 3 ? * 2-6 *)","state":null,"tags":null},"after_unknown":{"arn":true,"id":true,"name_prefix":true,"tags_all":true},"before_sensitive":false,"after_sensitive":{"tags_all":{}}}},{"address":"aws_cloudwatch_event_rule.auto_ec2_stop_rule","mode":"managed","type":"aws_cloudwatch_event_rule","name":"auto_ec2_stop_rule","provider_name":"registry.terraform.io/hashicorp/aws","change":{"actions":["create"],"before":null,"after":{"description":"Stop EC2 nodes at 11:30 from Monday to friday","event_bus_name":"default","event_pattern":null,"is_enabled":null,"name":"AutoStopEC2Instances","role_arn":null,"schedule_expression":"cron(30 11 ? * 2-6 *)","state":null,"tags":null},"after_unknown":{"arn":true,"id":true,"name_prefix":true,"tags_all":true},"before_sensitive":false,"after_sensitive":{"tags_all":{}}}},{"address":"aws_cloudwatch_event_target.auto_ec2_start_rule_target","mode":"managed","type":"aws_cloudwatch_event_target","name":"auto_ec2_start_rule_target","provider_name":"registry.terraform.io/hashicorp/aws","change":{"actions":["create"],"before":null,"after":{"batch_target":[],"dead_letter_config":[],"ecs_target":[],"event_bus_name":"default","http_target":[],"input":null,"input_path":null,"input_transformer":[],"kinesis_target":[],"redshift_target":[],"retry_policy":[],"role_arn":null,"rule":"StartEC2Instances","run_command_targets":[],"sagemaker_pipeline_target":[],"sqs_target":[]},"after_unknown":{"arn":true,"batch_target":[],"dead_letter_config":[],"ecs_target":[],"http_target":[],"id":true,"input_transformer":[],"kinesis_target":[],"redshift_target":[],"retry_policy":[],"run_command_targets":[],"sagemaker_pipeline_target":[],"sqs_target":[],"target_id":true},"before_sensitive":false,"after_sensitive":{"batch_target":[],"dead_letter_config":[],"ecs_target":[],"http_target":[],"input_transformer":[],"kinesis_target":[],"redshift_target":[],"retry_policy":[],"run_command_targets":[],"sagemaker_pipeline_target":[],"sqs_target":[]}}},{"address":"aws_cloudwatch_event_target.auto_ec2_stop_rule_target","mode":"managed","type":"aws_cloudwatch_event_target","name":"auto_ec2_stop_rule_target","provider_name":"registry.terraform.io/hashicorp/aws","change":{"actions":["create"],"before":null,"after":{"batch_target":[],"dead_letter_config":[],"ecs_target":[],"event_bus_name":"default","http_target":[],"input":null,"input_path":null,"input_transformer":[],"kinesis_target":[],"redshift_target":[],"retry_policy":[],"role_arn":null,"rule":"AutoStopEC2Instances","run_command_targets":[],"sagemaker_pipeline_target":[],"sqs_target":[]},"after_unknown":{"arn":true,"batch_target":[],"dead_letter_config":[],"ecs_target":[],"http_target":[],"id":true,"input_transformer":[],"kinesis_target":[],"redshift_target":[],"retry_policy":[],"run_command_targets":[],"sagemaker_pipeline_target":[],"sqs_target":[],"target_id":true},"before_sensitive":false,"after_sensitive":{"batch_target":[],"dead_letter_config":[],"ecs_target":[],"http_target":[],"input_transformer":[],"kinesis_target":[],"redshift_target":[],"retry_policy":[],"run_command_targets":[],"sagemaker_pipeline_target":[],"sqs_target":[]}}},{"address":"aws_iam_policy.auto_start_stop_ec2_policy","mode":"managed","type":"aws_iam_policy","name":"auto_start_stop_ec2_policy","provider_name":"registry.terraform.io/hashicorp/aws","change":{"actions":["create"],"before":null,"after":{"description":"IAM policy for stop and start EC2 from a lambda","name":"AutoStartStopEC2Policy","path":"/","policy":"{\"Statement\":[{\"Action\":[\"logs:CreateLogGroup\",\"logs:CreateLogStream\",\"logs:PutLogEvents\"],\"Effect\":\"Allow\",\"Resource\":\"arn:aws:logs:*:*:*\"},{\"Action\":[\"ec2:Start*\",\"ec2:Stop*\",\"ec2:DescribeInstances*\"],\"Effect\":\"Allow\",\"Resource\":\"*\"}],\"Version\":\"2012-10-17\"}","tags":null},"after_unknown":{"arn":true,"id":true,"name_prefix":true,"policy_id":true,"tags_all":true},"before_sensitive":false,"after_sensitive":{"tags_all":{}}}},{"address":"aws_iam_role.auto_start_stop_ec2_role","mode":"managed","type":"aws_iam_role","name":"auto_start_stop_ec2_role","provider_name":"registry.terraform.io/hashicorp/aws","change":{"actions":["create"],"before":null,"after":{"assume_role_policy":"{\"Statement\":[{\"Action\":\"sts:AssumeRole\",\"Effect\":\"Allow\",\"Principal\":{\"Service\":\"lambda.amazonaws.com\"},\"Sid\":\"\"}],\"Version\":\"2012-10-17\"}","description":null,"force_detach_policies":false,"max_session_duration":3600,"name":"AutoStartStopEC2Role","path":"/","permissions_boundary":null,"tags":null},"after_unknown":{"arn":true,"create_date":true,"id":true,"inline_policy":true,"managed_policy_arns":true,"name_prefix":true,"tags_all":true,"unique_id":true},"before_sensitive":false,"after_sensitive":{"inline_policy":[],"managed_policy_arns":[],"tags_all":{}}}},{"address":"aws_iam_role_policy_attachment.lambda_role_policy","mode":"managed","type":"aws_iam_role_policy_attachment","name":"lambda_role_policy","provider_name":"registry.terraform.io/hashicorp/aws","change":{"actions":["create"],"before":null,"after":{"role":"AutoStartStopEC2Role"},"after_unknown":{"id":true,"policy_arn":true},"before_sensitive":false,"after_sensitive":{}}},{"address":"aws_lambda_function.auto_start_ec2_lambda","mode":"managed","type":"aws_lambda_function","name":"auto_start_ec2_lambda","provider_name":"registry.terraform.io/hashicorp/aws","change":{"actions":["create"],"before":null,"after":{"code_signing_config_arn":null,"dead_letter_config":[],"description":null,"environment":[],"file_system_config":[],"filename":"ec2_lambda_handler.zip","function_name":"autoStartEC2Lambda","handler":"ec2_lambda_handler.start","image_config":[],"image_uri":null,"kms_key_arn":null,"layers":null,"memory_size":250,"package_type":"Zip","publish":false,"replace_security_groups_on_destroy":null,"replacement_security_group_ids":null,"reserved_concurrent_executions":-1,"runtime":"python3.12","s3_bucket":null,"s3_key":null,"s3_object_version":null,"skip_destroy":false,"snap_start":[],"source_code_hash":"wjUCuZIudbmTDVuBz2mFUmyUdyA2BNw7uF5H8toj0s4=","tags":null,"timeout":60,"timeouts":null,"vpc_config":[]},"after_unknown":{"architectures":true,"arn":true,"dead_letter_config":[],"environment":[],"ephemeral_storage":true,"file_system_config":[],"id":true,"image_config":[],"invoke_arn":true,"last_modified":true,"logging_config":true,"qualified_arn":true,"qualified_invoke_arn":true,"role":true,"signing_job_arn":true,"signing_profile_version_arn":true,"snap_start":[],"source_code_size":true,"tags_all":true,"tracing_config":true,"version":true,"vpc_config":[]},"before_sensitive":false,"after_sensitive":{"architectures":[],"dead_letter_config":[],"environment":[],"ephemeral_storage":[],"file_system_config":[],"image_config":[],"logging_config":[],"snap_start":[],"tags_all":{},"tracing_config":[],"vpc_config":[]}}},{"address":"aws_lambda_function.auto_stop_ec2_lambda","mode":"managed","type":"aws_lambda_function","name":"auto_stop_ec2_lambda","provider_name":"registry.terraform.io/hashicorp/aws","change":{"actions":["create"],"before":null,"after":{"code_signing_config_arn":null,"dead_letter_config":[],"description":null,"environment":[],"file_system_config":[],"filename":"ec2_lambda_handler.zip","function_name":"autoStopEC2Lambda","handler":"ec2_lambda_handler.stop","image_config":[],"image_uri":null,"kms_key_arn":null,"layers":null,"memory_size":250,"package_type":"Zip","publish":false,"replace_security_groups_on_destroy":null,"replacement_security_group_ids":null,"reserved_concurrent_executions":-1,"runtime":"python3.12","s3_bucket":null,"s3_key":null,"s3_object_version":null,"skip_destroy":false,"snap_start":[],"source_code_hash":"wjUCuZIudbmTDVuBz2mFUmyUdyA2BNw7uF5H8toj0s4=","tags":null,"timeout":60,"timeouts":null,"vpc_config":[]},"after_unknown":{"architectures":true,"arn":true,"dead_letter_config":[],"environment":[],"ephemeral_storage":true,"file_system_config":[],"id":true,"image_config":[],"invoke_arn":true,"last_modified":true,"logging_config":true,"qualified_arn":true,"qualified_invoke_arn":true,"role":true,"signing_job_arn":true,"signing_profile_version_arn":true,"snap_start":[],"source_code_size":true,"tags_all":true,"tracing_config":true,"version":true,"vpc_config":[]},"before_sensitive":false,"after_sensitive":{"architectures":[],"dead_letter_config":[],"environment":[],"ephemeral_storage":[],"file_system_config":[],"image_config":[],"logging_config":[],"snap_start":[],"tags_all":{},"tracing_config":[],"vpc_config":[]}}},{"address":"aws_lambda_permission.allow_cloudwatch_start","mode":"managed","type":"aws_lambda_permission","name":"allow_cloudwatch_start","provider_name":"registry.terraform.io/hashicorp/aws","change":{"actions":["create"],"before":null,"after":{"action":"lambda:InvokeFunction","event_source_token":null,"function_name":"autoStartEC2Lambda","function_url_auth_type":null,"principal":"events.amazonaws.com","principal_org_id":null,"qualifier":null,"source_account":null,"source_arn":null,"statement_id":"AllowExecutionFromCloudWatch"},"after_unknown":{"id":true,"statement_id_prefix":true},"before_sensitive":false,"after_sensitive":{}}},{"address":"aws_lambda_permission.allow_cloudwatch_stop","mode":"managed","type":"aws_lambda_permission","name":"allow_cloudwatch_stop","provider_name":"registry.terraform.io/hashicorp/aws","change":{"actions":["create"],"before":null,"after":{"action":"lambda:InvokeFunction","event_source_token":null,"function_name":"autoStopEC2Lambda","function_url_auth_type":null,"principal":"events.amazonaws.com","principal_org_id":null,"qualifier":null,"source_account":null,"source_arn":null,"statement_id":"AllowExecutionFromCloudWatch"},"after_unknown":{"id":true,"statement_id_prefix":true},"before_sensitive":false,"after_sensitive":{}}}],"configuration":{"root_module":{"resources":[{"address":"aws_cloudwatch_event_rule.auto_ec2_start_rule","mode":"managed","type":"aws_cloudwatch_event_rule","name":"auto_ec2_start_rule","provider_config_key":"aws","expressions":{"description":{"constant_value":"Start EC2 nodes at 2:30 from Monday to friday"},"name":{"constant_value":"StartEC2Instances"},"schedule_expression":{"constant_value":"cron(30 3 ? * 2-6 *)"}},"schema_version":1},{"address":"aws_cloudwatch_event_rule.auto_ec2_stop_rule","mode":"managed","type":"aws_cloudwatch_event_rule","name":"auto_ec2_stop_rule","provider_config_key":"aws","expressions":{"description":{"constant_value":"Stop EC2 nodes at 11:30 from Monday to friday"},"name":{"constant_value":"AutoStopEC2Instances"},"schedule_expression":{"constant_value":"cron(30 11 ? * 2-6 *)"}},"schema_version":1},{"address":"aws_cloudwatch_event_target.auto_ec2_start_rule_target","mode":"managed","type":"aws_cloudwatch_event_target","name":"auto_ec2_start_rule_target","provider_config_key":"aws","expressions":{"arn":{"references":["aws_lambda_function.auto_start_ec2_lambda"]},"rule":{"references":["aws_cloudwatch_event_rule.auto_ec2_start_rule"]}},"schema_version":1},{"address":"aws_cloudwatch_event_target.auto_ec2_stop_rule_target","mode":"managed","type":"aws_cloudwatch_event_target","name":"auto_ec2_stop_rule_target","provider_config_key":"aws","expressions":{"arn":{"references":["aws_lambda_function.auto_stop_ec2_lambda"]},"rule":{"references":["aws_cloudwatch_event_rule.auto_ec2_stop_rule"]}},"schema_version":1},{"address":"aws_iam_policy.auto_start_stop_ec2_policy","mode":"managed","type":"aws_iam_policy","name":"auto_start_stop_ec2_policy","provider_config_key":"aws","expressions":{"description":{"constant_value":"IAM policy for stop and start EC2 from a lambda"},"name":{"constant_value":"AutoStartStopEC2Policy"},"path":{"constant_value":"/"},"policy":{"constant_value":"{\n  \"Version\": \"2012-10-17\",\n  \"Statement\": [\n    {\n      \"Effect\": \"Allow\",\n      \"Action\": [\n        \"logs:CreateLogGroup\",\n        \"logs:CreateLogStream\",\n        \"logs:PutLogEvents\"\n      ],\n      \"Resource\": \"arn:aws:logs:*:*:*\"\n    },\n    {\n      \"Effect\": \"Allow\",\n      \"Action\": [\n        \"ec2:Start*\",\n        \"ec2:Stop*\",\n        \"ec2:DescribeInstances*\"\n      ],\n      \"Resource\": \"*\"\n    }\n  ]\n}\n"}},"schema_version":0},{"address":"aws_iam_role.auto_start_stop_ec2_role","mode":"managed","type":"aws_iam_role","name":"auto_start_stop_ec2_role","provider_config_key":"aws","expressions":{"assume_role_policy":{"constant_value":"{\n  \"Version\": \"2012-10-17\",\n  \"Statement\": [\n    {\n      \"Action\": \"sts:AssumeRole\",\n      \"Principal\": {\n        \"Service\": \"lambda.amazonaws.com\"\n      },\n      \"Effect\": \"Allow\",\n      \"Sid\": \"\"\n    }\n  ]\n}\n"},"name":{"constant_value":"AutoStartStopEC2Role"}},"schema_version":0},{"address":"aws_iam_role_policy_attachment.lambda_role_policy","mode":"managed","type":"aws_iam_role_policy_attachment","name":"lambda_role_policy","provider_config_key":"aws","expressions":{"policy_arn":{"references":["aws_iam_policy.auto_start_stop_ec2_policy"]},"role":{"references":["aws_iam_role.auto_start_stop_ec2_role"]}},"schema_version":0},{"address":"aws_lambda_function.auto_start_ec2_lambda","mode":"managed","type":"aws_lambda_function","name":"auto_start_ec2_lambda","provider_config_key":"aws","expressions":{"filename":{"constant_value":"ec2_lambda_handler.zip"},"function_name":{"constant_value":"autoStartEC2Lambda"},"handler":{"constant_value":"ec2_lambda_handler.start"},"memory_size":{"constant_value":"250"},"role":{"references":["aws_iam_role.auto_start_stop_ec2_role"]},"runtime":{"constant_value":"python3.12"},"source_code_hash":{},"timeout":{"constant_value":"60"}},"schema_version":0},{"address":"aws_lambda_function.auto_stop_ec2_lambda","mode":"managed","type":"aws_lambda_function","name":"auto_stop_ec2_lambda","provider_config_key":"aws","expressions":{"filename":{"constant_value":"ec2_lambda_handler.zip"},"function_name":{"constant_value":"autoStopEC2Lambda"},"handler":{"constant_value":"ec2_lambda_handler.stop"},"memory_size":{"constant_value":"250"},"role":{"references":["aws_iam_role.auto_start_stop_ec2_role"]},"runtime":{"constant_value":"python3.12"},"source_code_hash":{},"timeout":{"constant_value":"60"}},"schema_version":0},{"address":"aws_lambda_permission.allow_cloudwatch_start","mode":"managed","type":"aws_lambda_permission","name":"allow_cloudwatch_start","provider_config_key":"aws","expressions":{"action":{"constant_value":"lambda:InvokeFunction"},"function_name":{"references":["aws_lambda_function.auto_start_ec2_lambda"]},"principal":{"constant_value":"events.amazonaws.com"},"statement_id":{"constant_value":"AllowExecutionFromCloudWatch"}},"schema_version":0},{"address":"aws_lambda_permission.allow_cloudwatch_stop","mode":"managed","type":"aws_lambda_permission","name":"allow_cloudwatch_stop","provider_config_key":"aws","expressions":{"action":{"constant_value":"lambda:InvokeFunction"},"function_name":{"references":["aws_lambda_function.auto_stop_ec2_lambda"]},"principal":{"constant_value":"events.amazonaws.com"},"statement_id":{"constant_value":"AllowExecutionFromCloudWatch"}},"schema_version":0}]}}}
